// !$*UTF8*$!
{
	archiveVersion = 1;
	classes = {
	};
	objectVersion = 46;
	objects = {

/* Begin PBXBuildFile section */
		7B9B1167073C3C0833BB7296 /* Pods_Pokidex.framework in Frameworks */ = {isa = PBXBuildFile; fileRef = 56B4FECEC8BF226B93ACB09E /* Pods_Pokidex.framework */; };
		B00661221CC0976E00D42754 /* constants.swift in Sources */ = {isa = PBXBuildFile; fileRef = B00661211CC0976E00D42754 /* constants.swift */; };
		B0234BD81CBDD68900A1CC4B /* detailsViewController.swift in Sources */ = {isa = PBXBuildFile; fileRef = B0234BD71CBDD68900A1CC4B /* detailsViewController.swift */; };
		B0297BA81CAF6BE5008FAFB0 /* PokeCell.swift in Sources */ = {isa = PBXBuildFile; fileRef = B0297BA71CAF6BE5008FAFB0 /* PokeCell.swift */; };
		B0297BAA1CB088A7008FAFB0 /* csvswift.swift in Sources */ = {isa = PBXBuildFile; fileRef = B0297BA91CB088A7008FAFB0 /* csvswift.swift */; };
		B0C5ADEC1CB939F9005AD70B /* music.mp3 in Resources */ = {isa = PBXBuildFile; fileRef = B0C5ADEB1CB939F9005AD70B /* music.mp3 */; };
		B0C5ADEE1CBB4942005AD70B /* pokemon.ttf in Resources */ = {isa = PBXBuildFile; fileRef = B0C5ADED1CBB4942005AD70B /* pokemon.ttf */; };
		B0E29F221CAF45D700754477 /* AppDelegate.swift in Sources */ = {isa = PBXBuildFile; fileRef = B0E29F211CAF45D700754477 /* AppDelegate.swift */; };
		B0E29F241CAF45D700754477 /* ViewController.swift in Sources */ = {isa = PBXBuildFile; fileRef = B0E29F231CAF45D700754477 /* ViewController.swift */; };
		B0E29F271CAF45D700754477 /* Main.storyboard in Resources */ = {isa = PBXBuildFile; fileRef = B0E29F251CAF45D700754477 /* Main.storyboard */; };
		B0E29F2A1CAF45D700754477 /* Pokidex.xcdatamodeld in Sources */ = {isa = PBXBuildFile; fileRef = B0E29F281CAF45D700754477 /* Pokidex.xcdatamodeld */; };
		B0E29F2C1CAF45D700754477 /* Assets.xcassets in Resources */ = {isa = PBXBuildFile; fileRef = B0E29F2B1CAF45D700754477 /* Assets.xcassets */; };
		B0E29F2F1CAF45D700754477 /* LaunchScreen.storyboard in Resources */ = {isa = PBXBuildFile; fileRef = B0E29F2D1CAF45D700754477 /* LaunchScreen.storyboard */; };
		B0E29F371CAF4B2C00754477 /* pokemon.csv in Resources */ = {isa = PBXBuildFile; fileRef = B0E29F361CAF4B2C00754477 /* pokemon.csv */; };
		B0E29F3A1CAF4DAC00754477 /* Pokemon.swift in Sources */ = {isa = PBXBuildFile; fileRef = B0E29F391CAF4DAC00754477 /* Pokemon.swift */; };
/* End PBXBuildFile section */

/* Begin PBXFileReference section */
		45258668A74A20F5B4974143 /* Pods-Pokidex.debug.xcconfig */ = {isa = PBXFileReference; includeInIndex = 1; lastKnownFileType = text.xcconfig; name = "Pods-Pokidex.debug.xcconfig"; path = "Pods/Target Support Files/Pods-Pokidex/Pods-Pokidex.debug.xcconfig"; sourceTree = "<group>"; };
		56B4FECEC8BF226B93ACB09E /* Pods_Pokidex.framework */ = {isa = PBXFileReference; explicitFileType = wrapper.framework; includeInIndex = 0; path = Pods_Pokidex.framework; sourceTree = BUILT_PRODUCTS_DIR; };
		B00661211CC0976E00D42754 /* constants.swift */ = {isa = PBXFileReference; fileEncoding = 4; lastKnownFileType = sourcecode.swift; path = constants.swift; sourceTree = "<group>"; };
		B0234BD71CBDD68900A1CC4B /* detailsViewController.swift */ = {isa = PBXFileReference; fileEncoding = 4; lastKnownFileType = sourcecode.swift; path = detailsViewController.swift; sourceTree = "<group>"; };
		B0297BA71CAF6BE5008FAFB0 /* PokeCell.swift */ = {isa = PBXFileReference; fileEncoding = 4; lastKnownFileType = sourcecode.swift; path = PokeCell.swift; sourceTree = "<group>"; };
		B0297BA91CB088A7008FAFB0 /* csvswift.swift */ = {isa = PBXFileReference; fileEncoding = 4; lastKnownFileType = sourcecode.swift; path = csvswift.swift; sourceTree = "<group>"; };
		B0C5ADEB1CB939F9005AD70B /* music.mp3 */ = {isa = PBXFileReference; lastKnownFileType = audio.mp3; path = music.mp3; sourceTree = "<group>"; };
		B0C5ADED1CBB4942005AD70B /* pokemon.ttf */ = {isa = PBXFileReference; lastKnownFileType = file; path = pokemon.ttf; sourceTree = "<group>"; };
		B0E29F1E1CAF45D700754477 /* Pokidex.app */ = {isa = PBXFileReference; explicitFileType = wrapper.application; includeInIndex = 0; path = Pokidex.app; sourceTree = BUILT_PRODUCTS_DIR; };
		B0E29F211CAF45D700754477 /* AppDelegate.swift */ = {isa = PBXFileReference; lastKnownFileType = sourcecode.swift; path = AppDelegate.swift; sourceTree = "<group>"; };
		B0E29F231CAF45D700754477 /* ViewController.swift */ = {isa = PBXFileReference; lastKnownFileType = sourcecode.swift; path = ViewController.swift; sourceTree = "<group>"; };
		B0E29F261CAF45D700754477 /* Base */ = {isa = PBXFileReference; lastKnownFileType = file.storyboard; name = Base; path = Base.lproj/Main.storyboard; sourceTree = "<group>"; };
		B0E29F291CAF45D700754477 /* Pokidex.xcdatamodel */ = {isa = PBXFileReference; lastKnownFileType = wrapper.xcdatamodel; path = Pokidex.xcdatamodel; sourceTree = "<group>"; };
		B0E29F2B1CAF45D700754477 /* Assets.xcassets */ = {isa = PBXFileReference; lastKnownFileType = folder.assetcatalog; path = Assets.xcassets; sourceTree = "<group>"; };
		B0E29F2E1CAF45D700754477 /* Base */ = {isa = PBXFileReference; lastKnownFileType = file.storyboard; name = Base; path = Base.lproj/LaunchScreen.storyboard; sourceTree = "<group>"; };
		B0E29F301CAF45D700754477 /* Info.plist */ = {isa = PBXFileReference; lastKnownFileType = text.plist.xml; path = Info.plist; sourceTree = "<group>"; };
		B0E29F361CAF4B2C00754477 /* pokemon.csv */ = {isa = PBXFileReference; fileEncoding = 4; lastKnownFileType = text; path = pokemon.csv; sourceTree = "<group>"; };
		B0E29F391CAF4DAC00754477 /* Pokemon.swift */ = {isa = PBXFileReference; fileEncoding = 4; lastKnownFileType = sourcecode.swift; path = Pokemon.swift; sourceTree = "<group>"; };
		FDA9AF61117EDEADFFD344E9 /* Pods-Pokidex.release.xcconfig */ = {isa = PBXFileReference; includeInIndex = 1; lastKnownFileType = text.xcconfig; name = "Pods-Pokidex.release.xcconfig"; path = "Pods/Target Support Files/Pods-Pokidex/Pods-Pokidex.release.xcconfig"; sourceTree = "<group>"; };
/* End PBXFileReference section */

/* Begin PBXFrameworksBuildPhase section */
		B0E29F1B1CAF45D700754477 /* Frameworks */ = {
			isa = PBXFrameworksBuildPhase;
			buildActionMask = 2147483647;
			files = (
				7B9B1167073C3C0833BB7296 /* Pods_Pokidex.framework in Frameworks */,
			);
			runOnlyForDeploymentPostprocessing = 0;
		};
/* End PBXFrameworksBuildPhase section */

/* Begin PBXGroup section */
		667466EB5160EDDBA87EDFA4 /* Frameworks */ = {
			isa = PBXGroup;
			children = (
				56B4FECEC8BF226B93ACB09E /* Pods_Pokidex.framework */,
			);
			name = Frameworks;
			sourceTree = "<group>";
		};
		8A6BD7612E07FBEB8345FF65 /* Pods */ = {
			isa = PBXGroup;
			children = (
				45258668A74A20F5B4974143 /* Pods-Pokidex.debug.xcconfig */,
				FDA9AF61117EDEADFFD344E9 /* Pods-Pokidex.release.xcconfig */,
			);
			name = Pods;
			sourceTree = "<group>";
		};
		B0297BA41CAF6AE7008FAFB0 /* view */ = {
			isa = PBXGroup;
			children = (
				B0297BA71CAF6BE5008FAFB0 /* PokeCell.swift */,
			);
			name = view;
			sourceTree = "<group>";
		};
		B0297BAB1CB089B1008FAFB0 /* Util */ = {
			isa = PBXGroup;
			children = (
				B0297BA91CB088A7008FAFB0 /* csvswift.swift */,
				B00661211CC0976E00D42754 /* constants.swift */,
			);
			name = Util;
			sourceTree = "<group>";
		};
		B0297BAC1CB089BE008FAFB0 /* Resources */ = {
			isa = PBXGroup;
			children = (
				B0C5ADEB1CB939F9005AD70B /* music.mp3 */,
				B0C5ADED1CBB4942005AD70B /* pokemon.ttf */,
				B0E29F361CAF4B2C00754477 /* pokemon.csv */,
			);
			name = Resources;
			sourceTree = "<group>";
		};
		B0297BAD1CB089C9008FAFB0 /* Controllers */ = {
			isa = PBXGroup;
			children = (
				B0E29F231CAF45D700754477 /* ViewController.swift */,
				B0234BD71CBDD68900A1CC4B /* detailsViewController.swift */,
			);
			name = Controllers;
			sourceTree = "<group>";
		};
		B0E29F151CAF45D700754477 = {
			isa = PBXGroup;
			children = (
				B0E29F201CAF45D700754477 /* Pokidex */,
				B0E29F1F1CAF45D700754477 /* Products */,
				8A6BD7612E07FBEB8345FF65 /* Pods */,
				667466EB5160EDDBA87EDFA4 /* Frameworks */,
			);
			sourceTree = "<group>";
		};
		B0E29F1F1CAF45D700754477 /* Products */ = {
			isa = PBXGroup;
			children = (
				B0E29F1E1CAF45D700754477 /* Pokidex.app */,
			);
			name = Products;
			sourceTree = "<group>";
		};
		B0E29F201CAF45D700754477 /* Pokidex */ = {
			isa = PBXGroup;
			children = (
				B0E29F381CAF4D6200754477 /* Model */,
				B0297BA41CAF6AE7008FAFB0 /* view */,
				B0297BAD1CB089C9008FAFB0 /* Controllers */,
				B0297BAB1CB089B1008FAFB0 /* Util */,
				B0E29F2B1CAF45D700754477 /* Assets.xcassets */,
				B0297BAC1CB089BE008FAFB0 /* Resources */,
				B0E29F2D1CAF45D700754477 /* LaunchScreen.storyboard */,
				B0E29F251CAF45D700754477 /* Main.storyboard */,
				B0E29F211CAF45D700754477 /* AppDelegate.swift */,
				B0E29F301CAF45D700754477 /* Info.plist */,
				B0E29F281CAF45D700754477 /* Pokidex.xcdatamodeld */,
			);
			path = Pokidex;
			sourceTree = "<group>";
		};
		B0E29F381CAF4D6200754477 /* Model */ = {
			isa = PBXGroup;
			children = (
				B0E29F391CAF4DAC00754477 /* Pokemon.swift */,
			);
			name = Model;
			sourceTree = "<group>";
		};
/* End PBXGroup section */

/* Begin PBXNativeTarget section */
		B0E29F1D1CAF45D700754477 /* Pokidex */ = {
			isa = PBXNativeTarget;
			buildConfigurationList = B0E29F331CAF45D700754477 /* Build configuration list for PBXNativeTarget "Pokidex" */;
			buildPhases = (
				6BC3CCD3659BB3EBE4E49105 /* Check Pods Manifest.lock */,
				B0E29F1A1CAF45D700754477 /* Sources */,
				B0E29F1B1CAF45D700754477 /* Frameworks */,
				B0E29F1C1CAF45D700754477 /* Resources */,
				5A8E77F6C0FC4EE28370258B /* Embed Pods Frameworks */,
				7C065BA49BB48AABCE9100B7 /* Copy Pods Resources */,
			);
			buildRules = (
			);
			dependencies = (
			);
			name = Pokidex;
			productName = Pokidex;
			productReference = B0E29F1E1CAF45D700754477 /* Pokidex.app */;
			productType = "com.apple.product-type.application";
		};
/* End PBXNativeTarget section */

/* Begin PBXProject section */
		B0E29F161CAF45D700754477 /* Project object */ = {
			isa = PBXProject;
			attributes = {
				LastSwiftUpdateCheck = 0730;
				LastUpgradeCheck = 0730;
				ORGANIZATIONNAME = "Joel Poe";
				TargetAttributes = {
					B0E29F1D1CAF45D700754477 = {
						CreatedOnToolsVersion = 7.3;
					};
				};
			};
			buildConfigurationList = B0E29F191CAF45D700754477 /* Build configuration list for PBXProject "Pokidex" */;
			compatibilityVersion = "Xcode 3.2";
			developmentRegion = English;
			hasScannedForEncodings = 0;
			knownRegions = (
				en,
				Base,
			);
			mainGroup = B0E29F151CAF45D700754477;
			productRefGroup = B0E29F1F1CAF45D700754477 /* Products */;
			projectDirPath = "";
			projectRoot = "";
			targets = (
				B0E29F1D1CAF45D700754477 /* Pokidex */,
			);
		};
/* End PBXProject section */

/* Begin PBXResourcesBuildPhase section */
		B0E29F1C1CAF45D700754477 /* Resources */ = {
			isa = PBXResourcesBuildPhase;
			buildActionMask = 2147483647;
			files = (
				B0C5ADEC1CB939F9005AD70B /* music.mp3 in Resources */,
				B0E29F2F1CAF45D700754477 /* LaunchScreen.storyboard in Resources */,
				B0E29F2C1CAF45D700754477 /* Assets.xcassets in Resources */,
				B0E29F371CAF4B2C00754477 /* pokemon.csv in Resources */,
				B0C5ADEE1CBB4942005AD70B /* pokemon.ttf in Resources */,
				B0E29F271CAF45D700754477 /* Main.storyboard in Resources */,
			);
			runOnlyForDeploymentPostprocessing = 0;
		};
/* End PBXResourcesBuildPhase section */

/* Begin PBXShellScriptBuildPhase section */
		5A8E77F6C0FC4EE28370258B /* Embed Pods Frameworks */ = {
			isa = PBXShellScriptBuildPhase;
			buildActionMask = 2147483647;
			files = (
			);
			inputPaths = (
			);
			name = "Embed Pods Frameworks";
			outputPaths = (
			);
			runOnlyForDeploymentPostprocessing = 0;
			shellPath = /bin/sh;
			shellScript = "\"${SRCROOT}/Pods/Target Support Files/Pods-Pokidex/Pods-Pokidex-frameworks.sh\"\n";
			showEnvVarsInLog = 0;
		};
		6BC3CCD3659BB3EBE4E49105 /* Check Pods Manifest.lock */ = {
			isa = PBXShellScriptBuildPhase;
			buildActionMask = 2147483647;
			files = (
			);
			inputPaths = (
			);
			name = "Check Pods Manifest.lock";
			outputPaths = (
			);
			runOnlyForDeploymentPostprocessing = 0;
			shellPath = /bin/sh;
			shellScript = "diff \"${PODS_ROOT}/../Podfile.lock\" \"${PODS_ROOT}/Manifest.lock\" > /dev/null\nif [[ $? != 0 ]] ; then\n    cat << EOM\nerror: The sandbox is not in sync with the Podfile.lock. Run 'pod install' or update your CocoaPods installation.\nEOM\n    exit 1\nfi\n";
			showEnvVarsInLog = 0;
		};
		7C065BA49BB48AABCE9100B7 /* Copy Pods Resources */ = {
			isa = PBXShellScriptBuildPhase;
			buildActionMask = 2147483647;
			files = (
			);
			inputPaths = (
			);
			name = "Copy Pods Resources";
			outputPaths = (
			);
			runOnlyForDeploymentPostprocessing = 0;
			shellPath = /bin/sh;
			shellScript = "\"${SRCROOT}/Pods/Target Support Files/Pods-Pokidex/Pods-Pokidex-resources.sh\"\n";
			showEnvVarsInLog = 0;
		};
/* End PBXShellScriptBuildPhase section */

/* Begin PBXSourcesBuildPhase section */
		B0E29F1A1CAF45D700754477 /* Sources */ = {
			isa = PBXSourcesBuildPhase;
			buildActionMask = 2147483647;
			files = (
				B0297BAA1CB088A7008FAFB0 /* csvswift.swift in Sources */,
				B0E29F241CAF45D700754477 /* ViewController.swift in Sources */,
				B0234BD81CBDD68900A1CC4B /* detailsViewController.swift in Sources */,
				B0E29F3A1CAF4DAC00754477 /* Pokemon.swift in Sources */,
				B0E29F2A1CAF45D700754477 /* Pokidex.xcdatamodeld in Sources */,
				B0E29F221CAF45D700754477 /* AppDelegate.swift in Sources */,
				B0297BA81CAF6BE5008FAFB0 /* PokeCell.swift in Sources */,
				B00661221CC0976E00D42754 /* constants.swift in Sources */,
			);
			runOnlyForDeploymentPostprocessing = 0;
		};
/* End PBXSourcesBuildPhase section */

/* Begin PBXVariantGroup section */
		B0E29F251CAF45D700754477 /* Main.storyboard */ = {
			isa = PBXVariantGroup;
			children = (
				B0E29F261CAF45D700754477 /* Base */,
			);
			name = Main.storyboard;
			sourceTree = "<group>";
		};
		B0E29F2D1CAF45D700754477 /* LaunchScreen.storyboard */ = {
			isa = PBXVariantGroup;
			children = (
				B0E29F2E1CAF45D700754477 /* Base */,
			);
			name = LaunchScreen.storyboard;
			sourceTree = "<group>";
		};
/* End PBXVariantGroup section */

/* Begin XCBuildConfiguration section */
		B0E29F311CAF45D700754477 /* Debug */ = {
			isa = XCBuildConfiguration;
			buildSettings = {
				ALWAYS_SEARCH_USER_PATHS = NO;
				CLANG_ANALYZER_NONNULL = YES;
				CLANG_CXX_LANGUAGE_STANDARD = "gnu++0x";
				CLANG_CXX_LIBRARY = "libc++";
				CLANG_ENABLE_MODULES = YES;
				CLANG_ENABLE_OBJC_ARC = YES;
				CLANG_WARN_BOOL_CONVERSION = YES;
				CLANG_WARN_CONSTANT_CONVERSION = YES;
				CLANG_WARN_DIRECT_OBJC_ISA_USAGE = YES_ERROR;
				CLANG_WARN_EMPTY_BODY = YES;
				CLANG_WARN_ENUM_CONVERSION = YES;
				CLANG_WARN_INT_CONVERSION = YES;
				CLANG_WARN_OBJC_ROOT_CLASS = YES_ERROR;
				CLANG_WARN_UNREACHABLE_CODE = YES;
				CLANG_WARN__DUPLICATE_METHOD_MATCH = YES;
				"CODE_SIGN_IDENTITY[sdk=iphoneos*]" = "iPhone Developer";
				COPY_PHASE_STRIP = NO;
				DEBUG_INFORMATION_FORMAT = dwarf;
				ENABLE_STRICT_OBJC_MSGSEND = YES;
				ENABLE_TESTABILITY = YES;
				GCC_C_LANGUAGE_STANDARD = gnu99;
				GCC_DYNAMIC_NO_PIC = NO;
				GCC_NO_COMMON_BLOCKS = YES;
				GCC_OPTIMIZATION_LEVEL = 0;
				GCC_PREPROCESSOR_DEFINITIONS = (
					"DEBUG=1",
					"$(inherited)",
				);
				GCC_WARN_64_TO_32_BIT_CONVERSION = YES;
				GCC_WARN_ABOUT_RETURN_TYPE = YES_ERROR;
				GCC_WARN_UNDECLARED_SELECTOR = YES;
				GCC_WARN_UNINITIALIZED_AUTOS = YES_AGGRESSIVE;
				GCC_WARN_UNUSED_FUNCTION = YES;
				GCC_WARN_UNUSED_VARIABLE = YES;
				IPHONEOS_DEPLOYMENT_TARGET = 9.3;
				MTL_ENABLE_DEBUG_INFO = YES;
				ONLY_ACTIVE_ARCH = YES;
				SDKROOT = iphoneos;
				SWIFT_OPTIMIZATION_LEVEL = "-Onone";
				TARGETED_DEVICE_FAMILY = "1,2";
			};
			name = Debug;
		};
		B0E29F321CAF45D700754477 /* Release */ = {
			isa = XCBuildConfiguration;
			buildSettings = {
				ALWAYS_SEARCH_USER_PATHS = NO;
				CLANG_ANALYZER_NONNULL = YES;
				CLANG_CXX_LANGUAGE_STANDARD = "gnu++0x";
				CLANG_CXX_LIBRARY = "libc++";
				CLANG_ENABLE_MODULES = YES;
				CLANG_ENABLE_OBJC_ARC = YES;
				CLANG_WARN_BOOL_CONVERSION = YES;
				CLANG_WARN_CONSTANT_CONVERSION = YES;
				CLANG_WARN_DIRECT_OBJC_ISA_USAGE = YES_ERROR;
				CLANG_WARN_EMPTY_BODY = YES;
				CLANG_WARN_ENUM_CONVERSION = YES;
				CLANG_WARN_INT_CONVERSION = YES;
				CLANG_WARN_OBJC_ROOT_CLASS = YES_ERROR;
				CLANG_WARN_UNREACHABLE_CODE = YES;
				CLANG_WARN__DUPLICATE_METHOD_MATCH = YES;
				"CODE_SIGN_IDENTITY[sdk=iphoneos*]" = "iPhone Developer";
				COPY_PHASE_STRIP = NO;
				DEBUG_INFORMATION_FORMAT = "dwarf-with-dsym";
				ENABLE_NS_ASSERTIONS = NO;
				ENABLE_STRICT_OBJC_MSGSEND = YES;
				GCC_C_LANGUAGE_STANDARD = gnu99;
				GCC_NO_COMMON_BLOCKS = YES;
				GCC_WARN_64_TO_32_BIT_CONVERSION = YES;
				GCC_WARN_ABOUT_RETURN_TYPE = YES_ERROR;
				GCC_WARN_UNDECLARED_SELECTOR = YES;
				GCC_WARN_UNINITIALIZED_AUTOS = YES_AGGRESSIVE;
				GCC_WARN_UNUSED_FUNCTION = YES;
				GCC_WARN_UNUSED_VARIABLE = YES;
				IPHONEOS_DEPLOYMENT_TARGET = 9.3;
				MTL_ENABLE_DEBUG_INFO = NO;
				SDKROOT = iphoneos;
				TARGETED_DEVICE_FAMILY = "1,2";
				VALIDATE_PRODUCT = YES;
			};
			name = Release;
		};
		B0E29F341CAF45D700754477 /* Debug */ = {
			isa = XCBuildConfiguration;
			baseConfigurationReference = 45258668A74A20F5B4974143 /* Pods-Pokidex.debug.xcconfig */;
			buildSettings = {
				ASSETCATALOG_COMPILER_APPICON_NAME = AppIcon;
				INFOPLIST_FILE = Pokidex/Info.plist;
				IPHONEOS_DEPLOYMENT_TARGET = 9.0;
				LD_RUNPATH_SEARCH_PATHS = "$(inherited) @executable_path/Frameworks";
				PRODUCT_BUNDLE_IDENTIFIER = com.joelpoe.Pokidex;
				PRODUCT_NAME = "$(TARGET_NAME)";
			};
			name = Debug;
		};
		B0E29F351CAF45D700754477 /* Release */ = {
			isa = XCBuildConfiguration;
			baseConfigurationReference = FDA9AF61117EDEADFFD344E9 /* Pods-Pokidex.release.xcconfig */;
			buildSettings = {
				ASSETCATALOG_COMPILER_APPICON_NAME = AppIcon;
				INFOPLIST_FILE = Pokidex/Info.plist;
				IPHONEOS_DEPLOYMENT_TARGET = 9.0;
				LD_RUNPATH_SEARCH_PATHS = "$(inherited) @executable_path/Frameworks";
				PRODUCT_BUNDLE_IDENTIFIER = com.joelpoe.Pokidex;
				PRODUCT_NAME = "$(TARGET_NAME)";
			};
			name = Release;
		};
/* End XCBuildConfiguration section */

/* Begin XCConfigurationList section */
		B0E29F191CAF45D700754477 /* Build configuration list for PBXProject "Pokidex" */ = {
			isa = XCConfigurationList;
			buildConfigurations = (
				B0E29F311CAF45D700754477 /* Debug */,
				B0E29F321CAF45D700754477 /* Release */,
			);
			defaultConfigurationIsVisible = 0;
			defaultConfigurationName = Release;
		};
		B0E29F331CAF45D700754477 /* Build configuration list for PBXNativeTarget "Pokidex" */ = {
			isa = XCConfigurationList;
			buildConfigurations = (
				B0E29F341CAF45D700754477 /* Debug */,
				B0E29F351CAF45D700754477 /* Release */,
			);
			defaultConfigurationIsVisible = 0;
			defaultConfigurationName = Release;
		};
/* End XCConfigurationList section */

/* Begin XCVersionGroup section */
		B0E29F281CAF45D700754477 /* Pokidex.xcdatamodeld */ = {
			isa = XCVersionGroup;
			children = (
				B0E29F291CAF45D700754477 /* Pokidex.xcdatamodel */,
			);
			currentVersion = B0E29F291CAF45D700754477 /* Pokidex.xcdatamodel */;
			path = Pokidex.xcdatamodeld;
			sourceTree = "<group>";
			versionGroupType = wrapper.xcdatamodel;
		};
/* End XCVersionGroup section */
	};
	rootObject = B0E29F161CAF45D700754477 /* Project object */;
}
